
Microsoft Visual Studio Solution File, Format Version 12.00
# Visual Studio 15
VisualStudioVersion = 15.0.27130.2010
MinimumVisualStudioVersion = 10.0.40219.1
Project("{8BC9CEB8-8B4A-11D0-8D11-00A0C91BC942}") = "CPlayground", "CPlayground\CPlayground.vcxproj", "{57C02BA7-BCBE-4CA8-B539-87667C7B97AE}"
EndProject
Global
	GlobalSection(SolutionConfigurationPlatforms) = preSolution
		Debug|x64 = Debug|x64
		Debug|x86 = Debug|x86
		Release|x64 = Release|x64
		Release|x86 = Release|x86
	EndGlobalSection
	GlobalSection(ProjectConfigurationPlatforms) = postSolution
		{57C02BA7-BCBE-4CA8-B539-87667C7B97AE}.Debug|x64.ActiveCfg = Debug|x64
		{57C02BA7-BCBE-4CA8-B539-87667C7B97AE}.Debug|x64.Build.0 = Debug|x64
		{57C02BA7-BCBE-4CA8-B539-87667C7B97AE}.Debug|x86.ActiveCfg = Debug|Win32
		{57C02BA7-BCBE-4CA8-B539-87667C7B97AE}.Debug|x86.Build.0 = Debug|Win32
		{57C02BA7-BCBE-4CA8-B539-87667C7B97AE}.Release|x64.ActiveCfg = Release|x64
		{57C02BA7-BCBE-4CA8-B539-87667C7B97AE}.Release|x64.Build.0 = Release|x64
		{57C02BA7-BCBE-4CA8-B539-87667C7B97AE}.Release|x86.ActiveCfg = Release|Win32
		{57C02BA7-BCBE-4CA8-B539-87667C7B97AE}.Release|x86.Build.0 = Release|Win32
	EndGlobalSection
	GlobalSection(SolutionProperties) = preSolution
		HideSolutionNode = FALSE
	EndGlobalSection
	GlobalSection(ExtensibilityGlobals) = postSolution
		SolutionGuid = {3FE20682-4AFC-4455-A9B2-F93D912EF2F0}
	EndGlobalSection
EndGlobal
