
Microsoft Visual Studio Solution File, Format Version 12.00
# Visual Studio 15
VisualStudioVersion = 15.0.27130.2010
MinimumVisualStudioVersion = 10.0.40219.1
Project("{8BC9CEB8-8B4A-11D0-8D11-00A0C91BC942}") = "PE3 - SayMyName", "SayMyName\SayMyName.vcxproj", "{E388943E-9370-471A-9021-54B21ED2D4FB}"
EndProject
Global
	GlobalSection(SolutionConfigurationPlatforms) = preSolution
		Debug|x64 = Debug|x64
		Debug|x86 = Debug|x86
		Release|x64 = Release|x64
		Release|x86 = Release|x86
	EndGlobalSection
	GlobalSection(ProjectConfigurationPlatforms) = postSolution
		{E388943E-9370-471A-9021-54B21ED2D4FB}.Debug|x64.ActiveCfg = Debug|x64
		{E388943E-9370-471A-9021-54B21ED2D4FB}.Debug|x64.Build.0 = Debug|x64
		{E388943E-9370-471A-9021-54B21ED2D4FB}.Debug|x86.ActiveCfg = Debug|Win32
		{E388943E-9370-471A-9021-54B21ED2D4FB}.Debug|x86.Build.0 = Debug|Win32
		{E388943E-9370-471A-9021-54B21ED2D4FB}.Release|x64.ActiveCfg = Release|x64
		{E388943E-9370-471A-9021-54B21ED2D4FB}.Release|x64.Build.0 = Release|x64
		{E388943E-9370-471A-9021-54B21ED2D4FB}.Release|x86.ActiveCfg = Release|Win32
		{E388943E-9370-471A-9021-54B21ED2D4FB}.Release|x86.Build.0 = Release|Win32
	EndGlobalSection
	GlobalSection(SolutionProperties) = preSolution
		HideSolutionNode = FALSE
	EndGlobalSection
	GlobalSection(ExtensibilityGlobals) = postSolution
		SolutionGuid = {E92EF61E-50DC-45F5-BE25-C4B2BFC3D219}
	EndGlobalSection
EndGlobal
